// !$*UTF8*$!
{
	archiveVersion = 1;
	classes = {
	};
	objectVersion = 46;
	objects = {

/* Begin PBXBuildFile section */
		5853C35119C6B1B1008A1A41 /* main.m in Sources */ = {isa = PBXBuildFile; fileRef = 5853C35019C6B1B1008A1A41 /* main.m */; };
		5853C35419C6B1B1008A1A41 /* TLAppDelegate.m in Sources */ = {isa = PBXBuildFile; fileRef = 5853C35319C6B1B1008A1A41 /* TLAppDelegate.m */; };
		5853C35719C6B1B1008A1A41 /* TLBoardsViewController.m in Sources */ = {isa = PBXBuildFile; fileRef = 5853C35619C6B1B1008A1A41 /* TLBoardsViewController.m */; };
		5853C35C19C6B1B1008A1A41 /* Images.xcassets in Resources */ = {isa = PBXBuildFile; fileRef = 5853C35B19C6B1B1008A1A41 /* Images.xcassets */; };
		5853C35F19C6B1B1008A1A41 /* LaunchScreen.xib in Resources */ = {isa = PBXBuildFile; fileRef = 5853C35D19C6B1B1008A1A41 /* LaunchScreen.xib */; };
		5853C36B19C6B1B2008A1A41 /* TrelloLiteTests.m in Sources */ = {isa = PBXBuildFile; fileRef = 5853C36A19C6B1B2008A1A41 /* TrelloLiteTests.m */; };
		5853C37619C6BA7E008A1A41 /* TLAPIClient.m in Sources */ = {isa = PBXBuildFile; fileRef = 5853C37519C6BA7E008A1A41 /* TLAPIClient.m */; };
		5853C37919C6C423008A1A41 /* TLCard.m in Sources */ = {isa = PBXBuildFile; fileRef = 5853C37819C6C423008A1A41 /* TLCard.m */; };
		585E66B019DB9C6100AAF6A1 /* TLCardsViewController.m in Sources */ = {isa = PBXBuildFile; fileRef = 585E66AF19DB9C6100AAF6A1 /* TLCardsViewController.m */; };
		589CA3BE19C7712A000D2D99 /* TLBoard.m in Sources */ = {isa = PBXBuildFile; fileRef = 589CA3BD19C7712A000D2D99 /* TLBoard.m */; };
		589CA3C119C7732D000D2D99 /* TLList.m in Sources */ = {isa = PBXBuildFile; fileRef = 589CA3C019C7732D000D2D99 /* TLList.m */; };
		58B3C16919C8B7F1003E7CDF /* TLCardView.m in Sources */ = {isa = PBXBuildFile; fileRef = 58B3C16819C8B7F1003E7CDF /* TLCardView.m */; };
		58B3C16C19C92C27003E7CDF /* TLBoardTableViewCell.m in Sources */ = {isa = PBXBuildFile; fileRef = 58B3C16B19C92C27003E7CDF /* TLBoardTableViewCell.m */; };
		614E3CE772394DF2948BD665 /* libPods.a in Frameworks */ = {isa = PBXBuildFile; fileRef = F1C63EEEE2D14789BBEE752B /* libPods.a */; };
/* End PBXBuildFile section */

/* Begin PBXContainerItemProxy section */
		5853C36519C6B1B2008A1A41 /* PBXContainerItemProxy */ = {
			isa = PBXContainerItemProxy;
			containerPortal = 5853C34319C6B1B0008A1A41 /* Project object */;
			proxyType = 1;
			remoteGlobalIDString = 5853C34A19C6B1B1008A1A41;
			remoteInfo = TrelloLite;
		};
/* End PBXContainerItemProxy section */

/* Begin PBXFileReference section */
		5853C34B19C6B1B1008A1A41 /* TrelloLite.app */ = {isa = PBXFileReference; explicitFileType = wrapper.application; includeInIndex = 0; path = TrelloLite.app; sourceTree = BUILT_PRODUCTS_DIR; };
		5853C34F19C6B1B1008A1A41 /* Info.plist */ = {isa = PBXFileReference; lastKnownFileType = text.plist.xml; path = Info.plist; sourceTree = "<group>"; };
		5853C35019C6B1B1008A1A41 /* main.m */ = {isa = PBXFileReference; lastKnownFileType = sourcecode.c.objc; path = main.m; sourceTree = "<group>"; };
		5853C35219C6B1B1008A1A41 /* TLAppDelegate.h */ = {isa = PBXFileReference; lastKnownFileType = sourcecode.c.h; path = TLAppDelegate.h; sourceTree = "<group>"; };
		5853C35319C6B1B1008A1A41 /* TLAppDelegate.m */ = {isa = PBXFileReference; lastKnownFileType = sourcecode.c.objc; path = TLAppDelegate.m; sourceTree = "<group>"; };
		5853C35519C6B1B1008A1A41 /* TLBoardsViewController.h */ = {isa = PBXFileReference; lastKnownFileType = sourcecode.c.h; path = TLBoardsViewController.h; sourceTree = "<group>"; };
		5853C35619C6B1B1008A1A41 /* TLBoardsViewController.m */ = {isa = PBXFileReference; lastKnownFileType = sourcecode.c.objc; path = TLBoardsViewController.m; sourceTree = "<group>"; };
		5853C35B19C6B1B1008A1A41 /* Images.xcassets */ = {isa = PBXFileReference; lastKnownFileType = folder.assetcatalog; path = Images.xcassets; sourceTree = "<group>"; };
		5853C35E19C6B1B1008A1A41 /* Base */ = {isa = PBXFileReference; lastKnownFileType = file.xib; name = Base; path = Base.lproj/LaunchScreen.xib; sourceTree = "<group>"; };
		5853C36419C6B1B2008A1A41 /* TrelloLiteTests.xctest */ = {isa = PBXFileReference; explicitFileType = wrapper.cfbundle; includeInIndex = 0; path = TrelloLiteTests.xctest; sourceTree = BUILT_PRODUCTS_DIR; };
		5853C36919C6B1B2008A1A41 /* Info.plist */ = {isa = PBXFileReference; lastKnownFileType = text.plist.xml; path = Info.plist; sourceTree = "<group>"; };
		5853C36A19C6B1B2008A1A41 /* TrelloLiteTests.m */ = {isa = PBXFileReference; lastKnownFileType = sourcecode.c.objc; path = TrelloLiteTests.m; sourceTree = "<group>"; };
		5853C37419C6BA7E008A1A41 /* TLAPIClient.h */ = {isa = PBXFileReference; fileEncoding = 4; lastKnownFileType = sourcecode.c.h; path = TLAPIClient.h; sourceTree = "<group>"; };
		5853C37519C6BA7E008A1A41 /* TLAPIClient.m */ = {isa = PBXFileReference; fileEncoding = 4; lastKnownFileType = sourcecode.c.objc; path = TLAPIClient.m; sourceTree = "<group>"; };
		5853C37719C6C422008A1A41 /* TLCard.h */ = {isa = PBXFileReference; fileEncoding = 4; lastKnownFileType = sourcecode.c.h; path = TLCard.h; sourceTree = "<group>"; };
		5853C37819C6C423008A1A41 /* TLCard.m */ = {isa = PBXFileReference; fileEncoding = 4; lastKnownFileType = sourcecode.c.objc; path = TLCard.m; sourceTree = "<group>"; };
		585E66AE19DB9C6100AAF6A1 /* TLCardsViewController.h */ = {isa = PBXFileReference; fileEncoding = 4; lastKnownFileType = sourcecode.c.h; path = TLCardsViewController.h; sourceTree = "<group>"; };
		585E66AF19DB9C6100AAF6A1 /* TLCardsViewController.m */ = {isa = PBXFileReference; fileEncoding = 4; lastKnownFileType = sourcecode.c.objc; path = TLCardsViewController.m; sourceTree = "<group>"; };
		589CA3BC19C7712A000D2D99 /* TLBoard.h */ = {isa = PBXFileReference; fileEncoding = 4; lastKnownFileType = sourcecode.c.h; path = TLBoard.h; sourceTree = "<group>"; };
		589CA3BD19C7712A000D2D99 /* TLBoard.m */ = {isa = PBXFileReference; fileEncoding = 4; lastKnownFileType = sourcecode.c.objc; path = TLBoard.m; sourceTree = "<group>"; };
		589CA3BF19C7732D000D2D99 /* TLList.h */ = {isa = PBXFileReference; fileEncoding = 4; lastKnownFileType = sourcecode.c.h; path = TLList.h; sourceTree = "<group>"; };
		589CA3C019C7732D000D2D99 /* TLList.m */ = {isa = PBXFileReference; fileEncoding = 4; lastKnownFileType = sourcecode.c.objc; path = TLList.m; sourceTree = "<group>"; };
		58B3C16719C8B7F0003E7CDF /* TLCardView.h */ = {isa = PBXFileReference; fileEncoding = 4; lastKnownFileType = sourcecode.c.h; path = TLCardView.h; sourceTree = "<group>"; };
		58B3C16819C8B7F1003E7CDF /* TLCardView.m */ = {isa = PBXFileReference; fileEncoding = 4; lastKnownFileType = sourcecode.c.objc; path = TLCardView.m; sourceTree = "<group>"; };
		58B3C16A19C92C27003E7CDF /* TLBoardTableViewCell.h */ = {isa = PBXFileReference; fileEncoding = 4; lastKnownFileType = sourcecode.c.h; path = TLBoardTableViewCell.h; sourceTree = "<group>"; };
		58B3C16B19C92C27003E7CDF /* TLBoardTableViewCell.m */ = {isa = PBXFileReference; fileEncoding = 4; lastKnownFileType = sourcecode.c.objc; path = TLBoardTableViewCell.m; sourceTree = "<group>"; };
		D4CA8AA0E0B545669F5986BB /* Pods.xcconfig */ = {isa = PBXFileReference; includeInIndex = 1; lastKnownFileType = text.xcconfig; name = Pods.xcconfig; path = Pods/Pods.xcconfig; sourceTree = "<group>"; };
		F1C63EEEE2D14789BBEE752B /* libPods.a */ = {isa = PBXFileReference; explicitFileType = archive.ar; includeInIndex = 0; path = libPods.a; sourceTree = BUILT_PRODUCTS_DIR; };
/* End PBXFileReference section */

/* Begin PBXFrameworksBuildPhase section */
		5853C34819C6B1B1008A1A41 /* Frameworks */ = {
			isa = PBXFrameworksBuildPhase;
			buildActionMask = 2147483647;
			files = (
				614E3CE772394DF2948BD665 /* libPods.a in Frameworks */,
			);
			runOnlyForDeploymentPostprocessing = 0;
		};
		5853C36119C6B1B2008A1A41 /* Frameworks */ = {
			isa = PBXFrameworksBuildPhase;
			buildActionMask = 2147483647;
			files = (
			);
			runOnlyForDeploymentPostprocessing = 0;
		};
/* End PBXFrameworksBuildPhase section */

/* Begin PBXGroup section */
		5853C34219C6B1AF008A1A41 = {
			isa = PBXGroup;
			children = (
				5853C34D19C6B1B1008A1A41 /* TrelloLite */,
				5853C36719C6B1B2008A1A41 /* TrelloLiteTests */,
				5853C34C19C6B1B1008A1A41 /* Products */,
				D4CA8AA0E0B545669F5986BB /* Pods.xcconfig */,
				AF64E2E7D4F746CA8E80819C /* Frameworks */,
			);
			sourceTree = "<group>";
		};
		5853C34C19C6B1B1008A1A41 /* Products */ = {
			isa = PBXGroup;
			children = (
				5853C34B19C6B1B1008A1A41 /* TrelloLite.app */,
				5853C36419C6B1B2008A1A41 /* TrelloLiteTests.xctest */,
			);
			name = Products;
			sourceTree = "<group>";
		};
		5853C34D19C6B1B1008A1A41 /* TrelloLite */ = {
			isa = PBXGroup;
			children = (
				58B7201D19CA465600A4A30B /* Model */,
				58B7201C19CA463D00A4A30B /* UI */,
				5853C35219C6B1B1008A1A41 /* TLAppDelegate.h */,
				5853C35319C6B1B1008A1A41 /* TLAppDelegate.m */,
				5853C35519C6B1B1008A1A41 /* TLBoardsViewController.h */,
				5853C35619C6B1B1008A1A41 /* TLBoardsViewController.m */,
				585E66AE19DB9C6100AAF6A1 /* TLCardsViewController.h */,
				585E66AF19DB9C6100AAF6A1 /* TLCardsViewController.m */,
				5853C37419C6BA7E008A1A41 /* TLAPIClient.h */,
				5853C37519C6BA7E008A1A41 /* TLAPIClient.m */,
				5853C35B19C6B1B1008A1A41 /* Images.xcassets */,
				5853C35D19C6B1B1008A1A41 /* LaunchScreen.xib */,
				5853C34E19C6B1B1008A1A41 /* Supporting Files */,
			);
			path = TrelloLite;
			sourceTree = "<group>";
		};
		5853C34E19C6B1B1008A1A41 /* Supporting Files */ = {
			isa = PBXGroup;
			children = (
				5853C34F19C6B1B1008A1A41 /* Info.plist */,
				5853C35019C6B1B1008A1A41 /* main.m */,
			);
			name = "Supporting Files";
			sourceTree = "<group>";
		};
		5853C36719C6B1B2008A1A41 /* TrelloLiteTests */ = {
			isa = PBXGroup;
			children = (
				5853C36A19C6B1B2008A1A41 /* TrelloLiteTests.m */,
				5853C36819C6B1B2008A1A41 /* Supporting Files */,
			);
			path = TrelloLiteTests;
			sourceTree = "<group>";
		};
		5853C36819C6B1B2008A1A41 /* Supporting Files */ = {
			isa = PBXGroup;
			children = (
				5853C36919C6B1B2008A1A41 /* Info.plist */,
			);
			name = "Supporting Files";
			sourceTree = "<group>";
		};
		58B7201C19CA463D00A4A30B /* UI */ = {
			isa = PBXGroup;
			children = (
				58B3C16A19C92C27003E7CDF /* TLBoardTableViewCell.h */,
				58B3C16B19C92C27003E7CDF /* TLBoardTableViewCell.m */,
				58B3C16719C8B7F0003E7CDF /* TLCardView.h */,
				58B3C16819C8B7F1003E7CDF /* TLCardView.m */,
			);
			name = UI;
			sourceTree = "<group>";
		};
		58B7201D19CA465600A4A30B /* Model */ = {
			isa = PBXGroup;
			children = (
				589CA3BC19C7712A000D2D99 /* TLBoard.h */,
				589CA3BD19C7712A000D2D99 /* TLBoard.m */,
				589CA3BF19C7732D000D2D99 /* TLList.h */,
				589CA3C019C7732D000D2D99 /* TLList.m */,
				5853C37719C6C422008A1A41 /* TLCard.h */,
				5853C37819C6C423008A1A41 /* TLCard.m */,
			);
			name = Model;
			sourceTree = "<group>";
		};
		AF64E2E7D4F746CA8E80819C /* Frameworks */ = {
			isa = PBXGroup;
			children = (
				F1C63EEEE2D14789BBEE752B /* libPods.a */,
			);
			name = Frameworks;
			sourceTree = "<group>";
		};
/* End PBXGroup section */

/* Begin PBXNativeTarget section */
		5853C34A19C6B1B1008A1A41 /* TrelloLite */ = {
			isa = PBXNativeTarget;
			buildConfigurationList = 5853C36E19C6B1B2008A1A41 /* Build configuration list for PBXNativeTarget "TrelloLite" */;
			buildPhases = (
				8D5D3391DB0747A487D6B628 /* Check Pods Manifest.lock */,
				5853C34719C6B1B1008A1A41 /* Sources */,
				5853C34819C6B1B1008A1A41 /* Frameworks */,
				5853C34919C6B1B1008A1A41 /* Resources */,
				946AA39244FD432A9619E1CF /* Copy Pods Resources */,
			);
			buildRules = (
			);
			dependencies = (
			);
			name = TrelloLite;
			productName = TrelloLite;
			productReference = 5853C34B19C6B1B1008A1A41 /* TrelloLite.app */;
			productType = "com.apple.product-type.application";
		};
		5853C36319C6B1B2008A1A41 /* TrelloLiteTests */ = {
			isa = PBXNativeTarget;
			buildConfigurationList = 5853C37119C6B1B2008A1A41 /* Build configuration list for PBXNativeTarget "TrelloLiteTests" */;
			buildPhases = (
				5853C36019C6B1B2008A1A41 /* Sources */,
				5853C36119C6B1B2008A1A41 /* Frameworks */,
				5853C36219C6B1B2008A1A41 /* Resources */,
			);
			buildRules = (
			);
			dependencies = (
				5853C36619C6B1B2008A1A41 /* PBXTargetDependency */,
			);
			name = TrelloLiteTests;
			productName = TrelloLiteTests;
			productReference = 5853C36419C6B1B2008A1A41 /* TrelloLiteTests.xctest */;
			productType = "com.apple.product-type.bundle.unit-test";
		};
/* End PBXNativeTarget section */

/* Begin PBXProject section */
		5853C34319C6B1B0008A1A41 /* Project object */ = {
			isa = PBXProject;
			attributes = {
				LastUpgradeCheck = 0600;
				ORGANIZATIONNAME = "Shiv Baijal";
				TargetAttributes = {
					5853C34A19C6B1B1008A1A41 = {
						CreatedOnToolsVersion = 6.0;
					};
					5853C36319C6B1B2008A1A41 = {
						CreatedOnToolsVersion = 6.0;
						TestTargetID = 5853C34A19C6B1B1008A1A41;
					};
				};
			};
			buildConfigurationList = 5853C34619C6B1B0008A1A41 /* Build configuration list for PBXProject "TrelloLite" */;
			compatibilityVersion = "Xcode 3.2";
			developmentRegion = English;
			hasScannedForEncodings = 0;
			knownRegions = (
				en,
				Base,
			);
			mainGroup = 5853C34219C6B1AF008A1A41;
			productRefGroup = 5853C34C19C6B1B1008A1A41 /* Products */;
			projectDirPath = "";
			projectRoot = "";
			targets = (
				5853C34A19C6B1B1008A1A41 /* TrelloLite */,
				5853C36319C6B1B2008A1A41 /* TrelloLiteTests */,
			);
		};
/* End PBXProject section */

/* Begin PBXResourcesBuildPhase section */
		5853C34919C6B1B1008A1A41 /* Resources */ = {
			isa = PBXResourcesBuildPhase;
			buildActionMask = 2147483647;
			files = (
				5853C35F19C6B1B1008A1A41 /* LaunchScreen.xib in Resources */,
				5853C35C19C6B1B1008A1A41 /* Images.xcassets in Resources */,
			);
			runOnlyForDeploymentPostprocessing = 0;
		};
		5853C36219C6B1B2008A1A41 /* Resources */ = {
			isa = PBXResourcesBuildPhase;
			buildActionMask = 2147483647;
			files = (
			);
			runOnlyForDeploymentPostprocessing = 0;
		};
/* End PBXResourcesBuildPhase section */

/* Begin PBXShellScriptBuildPhase section */
		8D5D3391DB0747A487D6B628 /* Check Pods Manifest.lock */ = {
			isa = PBXShellScriptBuildPhase;
			buildActionMask = 2147483647;
			files = (
			);
			inputPaths = (
			);
			name = "Check Pods Manifest.lock";
			outputPaths = (
			);
			runOnlyForDeploymentPostprocessing = 0;
			shellPath = /bin/sh;
			shellScript = "diff \"${PODS_ROOT}/../Podfile.lock\" \"${PODS_ROOT}/Manifest.lock\" > /dev/null\nif [[ $? != 0 ]] ; then\n    cat << EOM\nerror: The sandbox is not in sync with the Podfile.lock. Run 'pod install' or update your CocoaPods installation.\nEOM\n    exit 1\nfi\n";
			showEnvVarsInLog = 0;
		};
		946AA39244FD432A9619E1CF /* Copy Pods Resources */ = {
			isa = PBXShellScriptBuildPhase;
			buildActionMask = 2147483647;
			files = (
			);
			inputPaths = (
			);
			name = "Copy Pods Resources";
			outputPaths = (
			);
			runOnlyForDeploymentPostprocessing = 0;
			shellPath = /bin/sh;
			shellScript = "\"${SRCROOT}/Pods/Pods-resources.sh\"\n";
			showEnvVarsInLog = 0;
		};
/* End PBXShellScriptBuildPhase section */

/* Begin PBXSourcesBuildPhase section */
		5853C34719C6B1B1008A1A41 /* Sources */ = {
			isa = PBXSourcesBuildPhase;
			buildActionMask = 2147483647;
			files = (
				585E66B019DB9C6100AAF6A1 /* TLCardsViewController.m in Sources */,
				58B3C16C19C92C27003E7CDF /* TLBoardTableViewCell.m in Sources */,
				5853C37919C6C423008A1A41 /* TLCard.m in Sources */,
				5853C35719C6B1B1008A1A41 /* TLBoardsViewController.m in Sources */,
				5853C37619C6BA7E008A1A41 /* TLAPIClient.m in Sources */,
				58B3C16919C8B7F1003E7CDF /* TLCardView.m in Sources */,
				5853C35419C6B1B1008A1A41 /* TLAppDelegate.m in Sources */,
				589CA3BE19C7712A000D2D99 /* TLBoard.m in Sources */,
				5853C35119C6B1B1008A1A41 /* main.m in Sources */,
				589CA3C119C7732D000D2D99 /* TLList.m in Sources */,
			);
			runOnlyForDeploymentPostprocessing = 0;
		};
		5853C36019C6B1B2008A1A41 /* Sources */ = {
			isa = PBXSourcesBuildPhase;
			buildActionMask = 2147483647;
			files = (
				5853C36B19C6B1B2008A1A41 /* TrelloLiteTests.m in Sources */,
			);
			runOnlyForDeploymentPostprocessing = 0;
		};
/* End PBXSourcesBuildPhase section */

/* Begin PBXTargetDependency section */
		5853C36619C6B1B2008A1A41 /* PBXTargetDependency */ = {
			isa = PBXTargetDependency;
			target = 5853C34A19C6B1B1008A1A41 /* TrelloLite */;
			targetProxy = 5853C36519C6B1B2008A1A41 /* PBXContainerItemProxy */;
		};
/* End PBXTargetDependency section */

/* Begin PBXVariantGroup section */
		5853C35D19C6B1B1008A1A41 /* LaunchScreen.xib */ = {
			isa = PBXVariantGroup;
			children = (
				5853C35E19C6B1B1008A1A41 /* Base */,
			);
			name = LaunchScreen.xib;
			sourceTree = "<group>";
		};
/* End PBXVariantGroup section */

/* Begin XCBuildConfiguration section */
		5853C36C19C6B1B2008A1A41 /* Debug */ = {
			isa = XCBuildConfiguration;
			buildSettings = {
				ALWAYS_SEARCH_USER_PATHS = NO;
				CLANG_CXX_LANGUAGE_STANDARD = "gnu++0x";
				CLANG_CXX_LIBRARY = "libc++";
				CLANG_ENABLE_MODULES = YES;
				CLANG_ENABLE_OBJC_ARC = YES;
				CLANG_WARN_BOOL_CONVERSION = YES;
				CLANG_WARN_CONSTANT_CONVERSION = YES;
				CLANG_WARN_DIRECT_OBJC_ISA_USAGE = YES_ERROR;
				CLANG_WARN_EMPTY_BODY = YES;
				CLANG_WARN_ENUM_CONVERSION = YES;
				CLANG_WARN_INT_CONVERSION = YES;
				CLANG_WARN_OBJC_ROOT_CLASS = YES_ERROR;
				CLANG_WARN_UNREACHABLE_CODE = YES;
				CLANG_WARN__DUPLICATE_METHOD_MATCH = YES;
				"CODE_SIGN_IDENTITY[sdk=iphoneos*]" = "iPhone Developer";
				COPY_PHASE_STRIP = NO;
				ENABLE_STRICT_OBJC_MSGSEND = YES;
				GCC_C_LANGUAGE_STANDARD = gnu99;
				GCC_DYNAMIC_NO_PIC = NO;
				GCC_OPTIMIZATION_LEVEL = 0;
				GCC_PREPROCESSOR_DEFINITIONS = (
					"DEBUG=1",
					"$(inherited)",
				);
				GCC_SYMBOLS_PRIVATE_EXTERN = NO;
				GCC_WARN_64_TO_32_BIT_CONVERSION = YES;
				GCC_WARN_ABOUT_RETURN_TYPE = YES_ERROR;
				GCC_WARN_UNDECLARED_SELECTOR = YES;
				GCC_WARN_UNINITIALIZED_AUTOS = YES_AGGRESSIVE;
				GCC_WARN_UNUSED_FUNCTION = YES;
				GCC_WARN_UNUSED_VARIABLE = YES;
				IPHONEOS_DEPLOYMENT_TARGET = 8.0;
				MTL_ENABLE_DEBUG_INFO = YES;
				ONLY_ACTIVE_ARCH = YES;
				SDKROOT = iphoneos;
			};
			name = Debug;
		};
		5853C36D19C6B1B2008A1A41 /* Release */ = {
			isa = XCBuildConfiguration;
			buildSettings = {
				ALWAYS_SEARCH_USER_PATHS = NO;
				CLANG_CXX_LANGUAGE_STANDARD = "gnu++0x";
				CLANG_CXX_LIBRARY = "libc++";
				CLANG_ENABLE_MODULES = YES;
				CLANG_ENABLE_OBJC_ARC = YES;
				CLANG_WARN_BOOL_CONVERSION = YES;
				CLANG_WARN_CONSTANT_CONVERSION = YES;
				CLANG_WARN_DIRECT_OBJC_ISA_USAGE = YES_ERROR;
				CLANG_WARN_EMPTY_BODY = YES;
				CLANG_WARN_ENUM_CONVERSION = YES;
				CLANG_WARN_INT_CONVERSION = YES;
				CLANG_WARN_OBJC_ROOT_CLASS = YES_ERROR;
				CLANG_WARN_UNREACHABLE_CODE = YES;
				CLANG_WARN__DUPLICATE_METHOD_MATCH = YES;
				"CODE_SIGN_IDENTITY[sdk=iphoneos*]" = "iPhone Developer";
				COPY_PHASE_STRIP = YES;
				ENABLE_NS_ASSERTIONS = NO;
				ENABLE_STRICT_OBJC_MSGSEND = YES;
				GCC_C_LANGUAGE_STANDARD = gnu99;
				GCC_WARN_64_TO_32_BIT_CONVERSION = YES;
				GCC_WARN_ABOUT_RETURN_TYPE = YES_ERROR;
				GCC_WARN_UNDECLARED_SELECTOR = YES;
				GCC_WARN_UNINITIALIZED_AUTOS = YES_AGGRESSIVE;
				GCC_WARN_UNUSED_FUNCTION = YES;
				GCC_WARN_UNUSED_VARIABLE = YES;
				IPHONEOS_DEPLOYMENT_TARGET = 8.0;
				MTL_ENABLE_DEBUG_INFO = NO;
				SDKROOT = iphoneos;
				VALIDATE_PRODUCT = YES;
			};
			name = Release;
		};
		5853C36F19C6B1B2008A1A41 /* Debug */ = {
			isa = XCBuildConfiguration;
			baseConfigurationReference = D4CA8AA0E0B545669F5986BB /* Pods.xcconfig */;
			buildSettings = {
				ASSETCATALOG_COMPILER_APPICON_NAME = AppIcon;
				INFOPLIST_FILE = TrelloLite/Info.plist;
				LD_RUNPATH_SEARCH_PATHS = "$(inherited) @executable_path/Frameworks";
				PRODUCT_NAME = "$(TARGET_NAME)";
			};
			name = Debug;
		};
		5853C37019C6B1B2008A1A41 /* Release */ = {
			isa = XCBuildConfiguration;
			baseConfigurationReference = D4CA8AA0E0B545669F5986BB /* Pods.xcconfig */;
			buildSettings = {
				ASSETCATALOG_COMPILER_APPICON_NAME = AppIcon;
				INFOPLIST_FILE = TrelloLite/Info.plist;
				LD_RUNPATH_SEARCH_PATHS = "$(inherited) @executable_path/Frameworks";
				PRODUCT_NAME = "$(TARGET_NAME)";
			};
			name = Release;
		};
		5853C37219C6B1B2008A1A41 /* Debug */ = {
			isa = XCBuildConfiguration;
			buildSettings = {
				BUNDLE_LOADER = "$(TEST_HOST)";
				FRAMEWORK_SEARCH_PATHS = (
					"$(SDKROOT)/Developer/Library/Frameworks",
					"$(inherited)",
				);
				GCC_PREPROCESSOR_DEFINITIONS = (
					"DEBUG=1",
					"$(inherited)",
				);
				INFOPLIST_FILE = TrelloLiteTests/Info.plist;
				LD_RUNPATH_SEARCH_PATHS = "$(inherited) @executable_path/Frameworks @loader_path/Frameworks";
				PRODUCT_NAME = "$(TARGET_NAME)";
				TEST_HOST = "$(BUILT_PRODUCTS_DIR)/TrelloLite.app/TrelloLite";
			};
			name = Debug;
		};
		5853C37319C6B1B2008A1A41 /* Release */ = {
			isa = XCBuildConfiguration;
			buildSettings = {
				BUNDLE_LOADER = "$(TEST_HOST)";
				FRAMEWORK_SEARCH_PATHS = (
					"$(SDKROOT)/Developer/Library/Frameworks",
					"$(inherited)",
				);
				INFOPLIST_FILE = TrelloLiteTests/Info.plist;
				LD_RUNPATH_SEARCH_PATHS = "$(inherited) @executable_path/Frameworks @loader_path/Frameworks";
				PRODUCT_NAME = "$(TARGET_NAME)";
				TEST_HOST = "$(BUILT_PRODUCTS_DIR)/TrelloLite.app/TrelloLite";
			};
			name = Release;
		};
/* End XCBuildConfiguration section */

/* Begin XCConfigurationList section */
		5853C34619C6B1B0008A1A41 /* Build configuration list for PBXProject "TrelloLite" */ = {
			isa = XCConfigurationList;
			buildConfigurations = (
				5853C36C19C6B1B2008A1A41 /* Debug */,
				5853C36D19C6B1B2008A1A41 /* Release */,
			);
			defaultConfigurationIsVisible = 0;
			defaultConfigurationName = Release;
		};
		5853C36E19C6B1B2008A1A41 /* Build configuration list for PBXNativeTarget "TrelloLite" */ = {
			isa = XCConfigurationList;
			buildConfigurations = (
				5853C36F19C6B1B2008A1A41 /* Debug */,
				5853C37019C6B1B2008A1A41 /* Release */,
			);
			defaultConfigurationIsVisible = 0;
			defaultConfigurationName = Release;
		};
		5853C37119C6B1B2008A1A41 /* Build configuration list for PBXNativeTarget "TrelloLiteTests" */ = {
			isa = XCConfigurationList;
			buildConfigurations = (
				5853C37219C6B1B2008A1A41 /* Debug */,
				5853C37319C6B1B2008A1A41 /* Release */,
			);
			defaultConfigurationIsVisible = 0;
			defaultConfigurationName = Release;
		};
/* End XCConfigurationList section */
	};
	rootObject = 5853C34319C6B1B0008A1A41 /* Project object */;
}
